
Microsoft Visual Studio Solution File, Format Version 12.00
# Visual Studio Version 17
VisualStudioVersion = 17.7.34024.191
MinimumVisualStudioVersion = 10.0.40219.1
Project("{FAE04EC0-301F-11D3-BF4B-00C04F79EFBC}") = "task", "task\task.csproj", "{7F815093-90C9-4B3B-811C-FDCE43E0B58D}"
EndProject
Global
	GlobalSection(SolutionConfigurationPlatforms) = preSolution
		Debug|Any CPU = Debug|Any CPU
		Release|Any CPU = Release|Any CPU
	EndGlobalSection
	GlobalSection(ProjectConfigurationPlatforms) = postSolution
		{7F815093-90C9-4B3B-811C-FDCE43E0B58D}.Debug|Any CPU.ActiveCfg = Debug|Any CPU
		{7F815093-90C9-4B3B-811C-FDCE43E0B58D}.Debug|Any CPU.Build.0 = Debug|Any CPU
		{7F815093-90C9-4B3B-811C-FDCE43E0B58D}.Release|Any CPU.ActiveCfg = Release|Any CPU
		{7F815093-90C9-4B3B-811C-FDCE43E0B58D}.Release|Any CPU.Build.0 = Release|Any CPU
	EndGlobalSection
	GlobalSection(SolutionProperties) = preSolution
		HideSolutionNode = FALSE
	EndGlobalSection
	GlobalSection(ExtensibilityGlobals) = postSolution
		SolutionGuid = {4F2D8C7E-0FAD-4760-A0E7-4186BEAD86FB}
	EndGlobalSection
EndGlobal
