
Microsoft Visual Studio Solution File, Format Version 12.00
# Visual Studio Version 17
VisualStudioVersion = 17.7.34024.191
MinimumVisualStudioVersion = 10.0.40219.1
Project("{9A19103F-16F7-4668-BE54-9A1E7A4F7556}") = "Picture_UI", "Picture_UI\Picture_UI.csproj", "{3B59BE9E-7F05-4F6E-A01F-D51A727D9ED6}"
EndProject
Project("{9A19103F-16F7-4668-BE54-9A1E7A4F7556}") = "Domain", "Domain\Domain.csproj", "{AE2FD402-EED7-4615-BFA8-44D4E970B1E0}"
EndProject
Project("{9A19103F-16F7-4668-BE54-9A1E7A4F7556}") = "Aplication", "Aplication\Aplication.csproj", "{76E3F550-89AB-49A4-89C1-273B1C05ADA5}"
EndProject
Project("{9A19103F-16F7-4668-BE54-9A1E7A4F7556}") = "Infrastructure", "Ifrastructure\Infrastructure.csproj", "{107DBE27-B322-48DB-BF5A-03BCA8922EA8}"
EndProject
Global
	GlobalSection(SolutionConfigurationPlatforms) = preSolution
		Debug|Any CPU = Debug|Any CPU
		Release|Any CPU = Release|Any CPU
	EndGlobalSection
	GlobalSection(ProjectConfigurationPlatforms) = postSolution
		{3B59BE9E-7F05-4F6E-A01F-D51A727D9ED6}.Debug|Any CPU.ActiveCfg = Debug|Any CPU
		{3B59BE9E-7F05-4F6E-A01F-D51A727D9ED6}.Debug|Any CPU.Build.0 = Debug|Any CPU
		{3B59BE9E-7F05-4F6E-A01F-D51A727D9ED6}.Release|Any CPU.ActiveCfg = Release|Any CPU
		{3B59BE9E-7F05-4F6E-A01F-D51A727D9ED6}.Release|Any CPU.Build.0 = Release|Any CPU
		{AE2FD402-EED7-4615-BFA8-44D4E970B1E0}.Debug|Any CPU.ActiveCfg = Debug|Any CPU
		{AE2FD402-EED7-4615-BFA8-44D4E970B1E0}.Debug|Any CPU.Build.0 = Debug|Any CPU
		{AE2FD402-EED7-4615-BFA8-44D4E970B1E0}.Release|Any CPU.ActiveCfg = Release|Any CPU
		{AE2FD402-EED7-4615-BFA8-44D4E970B1E0}.Release|Any CPU.Build.0 = Release|Any CPU
		{76E3F550-89AB-49A4-89C1-273B1C05ADA5}.Debug|Any CPU.ActiveCfg = Debug|Any CPU
		{76E3F550-89AB-49A4-89C1-273B1C05ADA5}.Debug|Any CPU.Build.0 = Debug|Any CPU
		{76E3F550-89AB-49A4-89C1-273B1C05ADA5}.Release|Any CPU.ActiveCfg = Release|Any CPU
		{76E3F550-89AB-49A4-89C1-273B1C05ADA5}.Release|Any CPU.Build.0 = Release|Any CPU
		{107DBE27-B322-48DB-BF5A-03BCA8922EA8}.Debug|Any CPU.ActiveCfg = Debug|Any CPU
		{107DBE27-B322-48DB-BF5A-03BCA8922EA8}.Debug|Any CPU.Build.0 = Debug|Any CPU
		{107DBE27-B322-48DB-BF5A-03BCA8922EA8}.Release|Any CPU.ActiveCfg = Release|Any CPU
		{107DBE27-B322-48DB-BF5A-03BCA8922EA8}.Release|Any CPU.Build.0 = Release|Any CPU
	EndGlobalSection
	GlobalSection(SolutionProperties) = preSolution
		HideSolutionNode = FALSE
	EndGlobalSection
	GlobalSection(ExtensibilityGlobals) = postSolution
		SolutionGuid = {2EAFF56A-FA89-4F4F-846F-651534B1544B}
	EndGlobalSection
EndGlobal
