
Microsoft Visual Studio Solution File, Format Version 12.00
# Visual Studio Version 17
VisualStudioVersion = 17.7.34024.191
MinimumVisualStudioVersion = 10.0.40219.1
Project("{FAE04EC0-301F-11D3-BF4B-00C04F79EFBC}") = "Telegram_bot", "Telegram_bot\Telegram_bot.csproj", "{0BDB971B-12B2-43F0-9FAD-F5BB7C17023F}"
EndProject
Global
	GlobalSection(SolutionConfigurationPlatforms) = preSolution
		Debug|Any CPU = Debug|Any CPU
		Release|Any CPU = Release|Any CPU
	EndGlobalSection
	GlobalSection(ProjectConfigurationPlatforms) = postSolution
		{0BDB971B-12B2-43F0-9FAD-F5BB7C17023F}.Debug|Any CPU.ActiveCfg = Debug|Any CPU
		{0BDB971B-12B2-43F0-9FAD-F5BB7C17023F}.Debug|Any CPU.Build.0 = Debug|Any CPU
		{0BDB971B-12B2-43F0-9FAD-F5BB7C17023F}.Release|Any CPU.ActiveCfg = Release|Any CPU
		{0BDB971B-12B2-43F0-9FAD-F5BB7C17023F}.Release|Any CPU.Build.0 = Release|Any CPU
	EndGlobalSection
	GlobalSection(SolutionProperties) = preSolution
		HideSolutionNode = FALSE
	EndGlobalSection
	GlobalSection(ExtensibilityGlobals) = postSolution
		SolutionGuid = {15C6FF9C-7FC5-4040-98B5-A376DF8DAEF4}
	EndGlobalSection
EndGlobal
